
Microsoft Visual Studio Solution File, Format Version 12.00
Project("{FAE04EC0-301F-11D3-BF4B-00C04F79EFBC}") = "Domain", "Domain\Domain.csproj", "{D29E4931-8729-4AF5-8697-2F12C1C3D0BC}"
EndProject
Project("{FAE04EC0-301F-11D3-BF4B-00C04F79EFBC}") = "WebAPI", "WebAPI\WebAPI.csproj", "{4B94E4E9-A27E-42B1-B555-69979C22AA40}"
EndProject
Project("{FAE04EC0-301F-11D3-BF4B-00C04F79EFBC}") = "Application", "Application\Application.csproj", "{B53EF934-6C21-493D-992C-E5E09C7EBB29}"
EndProject
Project("{FAE04EC0-301F-11D3-BF4B-00C04F79EFBC}") = "FileData", "FileData\FileData.csproj", "{5A8BF674-6DC6-484D-BBB5-7C85A086E4C8}"
EndProject
Project("{FAE04EC0-301F-11D3-BF4B-00C04F79EFBC}") = "BlazorWASM", "BlazorWASM\BlazorWASM.csproj", "{8BDFFDDA-10CB-43FC-97B8-45F7ED71CC60}"
EndProject
Project("{FAE04EC0-301F-11D3-BF4B-00C04F79EFBC}") = "HttpClients", "HttpClients\HttpClients.csproj", "{D39CF8C7-EFD6-4B9A-906D-3DD130D9ACD1}"
EndProject
Project("{FAE04EC0-301F-11D3-BF4B-00C04F79EFBC}") = "ToDoTests", "ToDoTests\ToDoTests.csproj", "{2D8368AE-7D5D-4B0D-8C28-08E8D714BAB8}"
EndProject
Global
	GlobalSection(SolutionConfigurationPlatforms) = preSolution
		Debug|Any CPU = Debug|Any CPU
		Release|Any CPU = Release|Any CPU
	EndGlobalSection
	GlobalSection(ProjectConfigurationPlatforms) = postSolution
		{D29E4931-8729-4AF5-8697-2F12C1C3D0BC}.Debug|Any CPU.ActiveCfg = Debug|Any CPU
		{D29E4931-8729-4AF5-8697-2F12C1C3D0BC}.Debug|Any CPU.Build.0 = Debug|Any CPU
		{D29E4931-8729-4AF5-8697-2F12C1C3D0BC}.Release|Any CPU.ActiveCfg = Release|Any CPU
		{D29E4931-8729-4AF5-8697-2F12C1C3D0BC}.Release|Any CPU.Build.0 = Release|Any CPU
		{4B94E4E9-A27E-42B1-B555-69979C22AA40}.Debug|Any CPU.ActiveCfg = Debug|Any CPU
		{4B94E4E9-A27E-42B1-B555-69979C22AA40}.Debug|Any CPU.Build.0 = Debug|Any CPU
		{4B94E4E9-A27E-42B1-B555-69979C22AA40}.Release|Any CPU.ActiveCfg = Release|Any CPU
		{4B94E4E9-A27E-42B1-B555-69979C22AA40}.Release|Any CPU.Build.0 = Release|Any CPU
		{B53EF934-6C21-493D-992C-E5E09C7EBB29}.Debug|Any CPU.ActiveCfg = Debug|Any CPU
		{B53EF934-6C21-493D-992C-E5E09C7EBB29}.Debug|Any CPU.Build.0 = Debug|Any CPU
		{B53EF934-6C21-493D-992C-E5E09C7EBB29}.Release|Any CPU.ActiveCfg = Release|Any CPU
		{B53EF934-6C21-493D-992C-E5E09C7EBB29}.Release|Any CPU.Build.0 = Release|Any CPU
		{5A8BF674-6DC6-484D-BBB5-7C85A086E4C8}.Debug|Any CPU.ActiveCfg = Debug|Any CPU
		{5A8BF674-6DC6-484D-BBB5-7C85A086E4C8}.Debug|Any CPU.Build.0 = Debug|Any CPU
		{5A8BF674-6DC6-484D-BBB5-7C85A086E4C8}.Release|Any CPU.ActiveCfg = Release|Any CPU
		{5A8BF674-6DC6-484D-BBB5-7C85A086E4C8}.Release|Any CPU.Build.0 = Release|Any CPU
		{8BDFFDDA-10CB-43FC-97B8-45F7ED71CC60}.Debug|Any CPU.ActiveCfg = Debug|Any CPU
		{8BDFFDDA-10CB-43FC-97B8-45F7ED71CC60}.Debug|Any CPU.Build.0 = Debug|Any CPU
		{8BDFFDDA-10CB-43FC-97B8-45F7ED71CC60}.Release|Any CPU.ActiveCfg = Release|Any CPU
		{8BDFFDDA-10CB-43FC-97B8-45F7ED71CC60}.Release|Any CPU.Build.0 = Release|Any CPU
		{D39CF8C7-EFD6-4B9A-906D-3DD130D9ACD1}.Debug|Any CPU.ActiveCfg = Debug|Any CPU
		{D39CF8C7-EFD6-4B9A-906D-3DD130D9ACD1}.Debug|Any CPU.Build.0 = Debug|Any CPU
		{D39CF8C7-EFD6-4B9A-906D-3DD130D9ACD1}.Release|Any CPU.ActiveCfg = Release|Any CPU
		{D39CF8C7-EFD6-4B9A-906D-3DD130D9ACD1}.Release|Any CPU.Build.0 = Release|Any CPU
		{2D8368AE-7D5D-4B0D-8C28-08E8D714BAB8}.Debug|Any CPU.ActiveCfg = Debug|Any CPU
		{2D8368AE-7D5D-4B0D-8C28-08E8D714BAB8}.Debug|Any CPU.Build.0 = Debug|Any CPU
		{2D8368AE-7D5D-4B0D-8C28-08E8D714BAB8}.Release|Any CPU.ActiveCfg = Release|Any CPU
		{2D8368AE-7D5D-4B0D-8C28-08E8D714BAB8}.Release|Any CPU.Build.0 = Release|Any CPU
	EndGlobalSection
EndGlobal
